
Microsoft Visual Studio Solution File, Format Version 12.00
# Visual Studio Version 17
VisualStudioVersion = 17.0.31903.59
MinimumVisualStudioVersion = 10.0.40219.1
Project("{9A19103F-16F7-4668-BE54-9A1E7A4F7556}") = "Il2CppMetamanage", "Il2CppMetamanage\Il2CppMetamanage.csproj", "{8F6E672A-47B3-4CA1-81A2-05A310604616}"
EndProject
Project("{9A19103F-16F7-4668-BE54-9A1E7A4F7556}") = "Tests", "Tests\Tests.csproj", "{1FE1C754-2F7C-40FC-8A85-5DEE6AA1BB61}"
EndProject
Project("{FAE04EC0-301F-11D3-BF4B-00C04F79EFBC}") = "Il2CppMetamanage.Library", "Il2CppMetamanage.Library\Il2CppMetamanage.Library.csproj", "{9A99B5A6-9F2F-4488-A59C-52EE7D28A5D9}"
EndProject
Global
	GlobalSection(SolutionConfigurationPlatforms) = preSolution
		Debug|Any CPU = Debug|Any CPU
		Release|Any CPU = Release|Any CPU
	EndGlobalSection
	GlobalSection(ProjectConfigurationPlatforms) = postSolution
		{8F6E672A-47B3-4CA1-81A2-05A310604616}.Debug|Any CPU.ActiveCfg = Debug|Any CPU
		{8F6E672A-47B3-4CA1-81A2-05A310604616}.Debug|Any CPU.Build.0 = Debug|Any CPU
		{8F6E672A-47B3-4CA1-81A2-05A310604616}.Release|Any CPU.ActiveCfg = Release|Any CPU
		{8F6E672A-47B3-4CA1-81A2-05A310604616}.Release|Any CPU.Build.0 = Release|Any CPU
		{1FE1C754-2F7C-40FC-8A85-5DEE6AA1BB61}.Debug|Any CPU.ActiveCfg = Debug|Any CPU
		{1FE1C754-2F7C-40FC-8A85-5DEE6AA1BB61}.Debug|Any CPU.Build.0 = Debug|Any CPU
		{1FE1C754-2F7C-40FC-8A85-5DEE6AA1BB61}.Release|Any CPU.ActiveCfg = Release|Any CPU
		{1FE1C754-2F7C-40FC-8A85-5DEE6AA1BB61}.Release|Any CPU.Build.0 = Release|Any CPU
		{9A99B5A6-9F2F-4488-A59C-52EE7D28A5D9}.Debug|Any CPU.ActiveCfg = Debug|Any CPU
		{9A99B5A6-9F2F-4488-A59C-52EE7D28A5D9}.Debug|Any CPU.Build.0 = Debug|Any CPU
		{9A99B5A6-9F2F-4488-A59C-52EE7D28A5D9}.Release|Any CPU.ActiveCfg = Release|Any CPU
		{9A99B5A6-9F2F-4488-A59C-52EE7D28A5D9}.Release|Any CPU.Build.0 = Release|Any CPU
	EndGlobalSection
	GlobalSection(SolutionProperties) = preSolution
		HideSolutionNode = FALSE
	EndGlobalSection
	GlobalSection(ExtensibilityGlobals) = postSolution
		SolutionGuid = {B4D3A057-19BA-4BD6-B7B6-A486FBF2A78B}
	EndGlobalSection
EndGlobal
